
Microsoft Visual Studio Solution File, Format Version 12.00
# Visual Studio Version 17
VisualStudioVersion = 17.0.31919.166
MinimumVisualStudioVersion = 10.0.40219.1
Project("{FAE04EC0-301F-11D3-BF4B-00C04F79EFBC}") = "SellerProgram", "SellerProgram\SellerProgram.csproj", "{5E7801FB-34A1-4E6E-9FA7-AB9CD2C654DB}"
EndProject
Global
	GlobalSection(SolutionConfigurationPlatforms) = preSolution
		Debug|Any CPU = Debug|Any CPU
		Release|Any CPU = Release|Any CPU
	EndGlobalSection
	GlobalSection(ProjectConfigurationPlatforms) = postSolution
		{5E7801FB-34A1-4E6E-9FA7-AB9CD2C654DB}.Debug|Any CPU.ActiveCfg = Debug|Any CPU
		{5E7801FB-34A1-4E6E-9FA7-AB9CD2C654DB}.Debug|Any CPU.Build.0 = Debug|Any CPU
		{5E7801FB-34A1-4E6E-9FA7-AB9CD2C654DB}.Release|Any CPU.ActiveCfg = Release|Any CPU
		{5E7801FB-34A1-4E6E-9FA7-AB9CD2C654DB}.Release|Any CPU.Build.0 = Release|Any CPU
	EndGlobalSection
	GlobalSection(SolutionProperties) = preSolution
		HideSolutionNode = FALSE
	EndGlobalSection
	GlobalSection(ExtensibilityGlobals) = postSolution
		SolutionGuid = {5F215DFB-E1E2-4768-9754-F2A5E27ACDA2}
	EndGlobalSection
EndGlobal
